
Microsoft Visual Studio Solution File, Format Version 12.00
# Visual Studio Version 16
VisualStudioVersion = 16.0.30907.101
MinimumVisualStudioVersion = 10.0.40219.1
Project("{FAE04EC0-301F-11D3-BF4B-00C04F79EFBC}") = "CollegeManagmentSystem", "CollegeManagmentSystem\CollegeManagmentSystem.csproj", "{18C54268-5F6D-4FCD-866B-969694E984B1}"
EndProject
Global
	GlobalSection(SolutionConfigurationPlatforms) = preSolution
		Debug|Any CPU = Debug|Any CPU
		Release|Any CPU = Release|Any CPU
	EndGlobalSection
	GlobalSection(ProjectConfigurationPlatforms) = postSolution
		{18C54268-5F6D-4FCD-866B-969694E984B1}.Debug|Any CPU.ActiveCfg = Debug|Any CPU
		{18C54268-5F6D-4FCD-866B-969694E984B1}.Debug|Any CPU.Build.0 = Debug|Any CPU
		{18C54268-5F6D-4FCD-866B-969694E984B1}.Release|Any CPU.ActiveCfg = Release|Any CPU
		{18C54268-5F6D-4FCD-866B-969694E984B1}.Release|Any CPU.Build.0 = Release|Any CPU
	EndGlobalSection
	GlobalSection(SolutionProperties) = preSolution
		HideSolutionNode = FALSE
	EndGlobalSection
	GlobalSection(ExtensibilityGlobals) = postSolution
		SolutionGuid = {F1311A26-2DD0-471F-94C5-EBAAC569C483}
	EndGlobalSection
EndGlobal
